
Microsoft Visual Studio Solution File, Format Version 12.00
# Visual Studio Version 17
VisualStudioVersion = 17.0.31903.59
MinimumVisualStudioVersion = 10.0.40219.1
Project("{8BC9CEB8-8B4A-11D0-8D11-00A0C91BC942}") = "ConsoleApplicationThreadSafeQueue", "ConsoleApplicationThreadSafeQueue\ConsoleApplicationThreadSafeQueue.vcxproj", "{CF47F53B-4663-4A48-BE08-54DE6D99C519}"
EndProject
Global
	GlobalSection(SolutionConfigurationPlatforms) = preSolution
		Debug|x64 = Debug|x64
		Debug|x86 = Debug|x86
		Release|x64 = Release|x64
		Release|x86 = Release|x86
	EndGlobalSection
	GlobalSection(ProjectConfigurationPlatforms) = postSolution
		{CF47F53B-4663-4A48-BE08-54DE6D99C519}.Debug|x64.ActiveCfg = Debug|x64
		{CF47F53B-4663-4A48-BE08-54DE6D99C519}.Debug|x64.Build.0 = Debug|x64
		{CF47F53B-4663-4A48-BE08-54DE6D99C519}.Debug|x86.ActiveCfg = Debug|Win32
		{CF47F53B-4663-4A48-BE08-54DE6D99C519}.Debug|x86.Build.0 = Debug|Win32
		{CF47F53B-4663-4A48-BE08-54DE6D99C519}.Release|x64.ActiveCfg = Release|x64
		{CF47F53B-4663-4A48-BE08-54DE6D99C519}.Release|x64.Build.0 = Release|x64
		{CF47F53B-4663-4A48-BE08-54DE6D99C519}.Release|x86.ActiveCfg = Release|Win32
		{CF47F53B-4663-4A48-BE08-54DE6D99C519}.Release|x86.Build.0 = Release|Win32
	EndGlobalSection
	GlobalSection(SolutionProperties) = preSolution
		HideSolutionNode = FALSE
	EndGlobalSection
	GlobalSection(ExtensibilityGlobals) = postSolution
		SolutionGuid = {4AE8B30D-6FE8-437F-80B7-7CA043597BD1}
	EndGlobalSection
EndGlobal
